{
  "lockfileVersion": 1,
  "configVersion": 1,
  "workspaces": {
    "": {
      "name": "graph-tool",
      "dependencies": {
        "@orpc/client": "^1.0.0",
        "@orpc/server": "^1.0.0",
        "@tanstack/react-query": "^5.0.0",
        "@xyflow/react": "^12.10.2",
        "drizzle-orm": "^0.45.0",
        "elkjs": "^0.11.1",
        "react": "^19.0.0",
        "react-dom": "^19.0.0",
        "zod": "^3.22.0",
      },
      "devDependencies": {
        "@biomejs/biome": "^1.9.0",
        "@types/react": "^19.0.0",
        "@types/react-dom": "^19.0.0",
        "bun-plugin-tailwind": "^0.1.0",
        "bun-types": "latest",
        "tailwindcss": "^4.0.0",
        "typescript": "^5.0.0",
      },
    },
  },
  "packages": {
    "@biomejs/biome": ["@biomejs/biome@1.9.4", "", { "optionalDependencies": { "@biomejs/cli-darwin-arm64": "1.9.4", "@biomejs/cli-darwin-x64": "1.9.4", "@biomejs/cli-linux-arm64": "1.9.4", "@biomejs/cli-linux-arm64-musl": "1.9.4", "@biomejs/cli-linux-x64": "1.9.4", "@biomejs/cli-linux-x64-musl": "1.9.4", "@biomejs/cli-win32-arm64": "1.9.4", "@biomejs/cli-win32-x64": "1.9.4" }, "bin": { "biome": "bin/biome" } }, "sha512-1rkd7G70+o9KkTn5KLmDYXihGoTaIGO9PIIN2ZB7UJxFrWw04CZHPYiMRjYsaDvVV7hP1dYNRLxSANLaBFGpog=="],

    "@biomejs/cli-darwin-arm64": ["@biomejs/cli-darwin-arm64@1.9.4", "", { "os": "darwin", "cpu": "arm64" }, "sha512-bFBsPWrNvkdKrNCYeAp+xo2HecOGPAy9WyNyB/jKnnedgzl4W4Hb9ZMzYNbf8dMCGmUdSavlYHiR01QaYR58cw=="],

    "@biomejs/cli-darwin-x64": ["@biomejs/cli-darwin-x64@1.9.4", "", { "os": "darwin", "cpu": "x64" }, "sha512-ngYBh/+bEedqkSevPVhLP4QfVPCpb+4BBe2p7Xs32dBgs7rh9nY2AIYUL6BgLw1JVXV8GlpKmb/hNiuIxfPfZg=="],

    "@biomejs/cli-linux-arm64": ["@biomejs/cli-linux-arm64@1.9.4", "", { "os": "linux", "cpu": "arm64" }, "sha512-fJIW0+LYujdjUgJJuwesP4EjIBl/N/TcOX3IvIHJQNsAqvV2CHIogsmA94BPG6jZATS4Hi+xv4SkBBQSt1N4/g=="],

    "@biomejs/cli-linux-arm64-musl": ["@biomejs/cli-linux-arm64-musl@1.9.4", "", { "os": "linux", "cpu": "arm64" }, "sha512-v665Ct9WCRjGa8+kTr0CzApU0+XXtRgwmzIf1SeKSGAv+2scAlW6JR5PMFo6FzqqZ64Po79cKODKf3/AAmECqA=="],

    "@biomejs/cli-linux-x64": ["@biomejs/cli-linux-x64@1.9.4", "", { "os": "linux", "cpu": "x64" }, "sha512-lRCJv/Vi3Vlwmbd6K+oQ0KhLHMAysN8lXoCI7XeHlxaajk06u7G+UsFSO01NAs5iYuWKmVZjmiOzJ0OJmGsMwg=="],

    "@biomejs/cli-linux-x64-musl": ["@biomejs/cli-linux-x64-musl@1.9.4", "", { "os": "linux", "cpu": "x64" }, "sha512-gEhi/jSBhZ2m6wjV530Yy8+fNqG8PAinM3oV7CyO+6c3CEh16Eizm21uHVsyVBEB6RIM8JHIl6AGYCv6Q6Q9Tg=="],

    "@biomejs/cli-win32-arm64": ["@biomejs/cli-win32-arm64@1.9.4", "", { "os": "win32", "cpu": "arm64" }, "sha512-tlbhLk+WXZmgwoIKwHIHEBZUwxml7bRJgk0X2sPyNR3S93cdRq6XulAZRQJ17FYGGzWne0fgrXBKpl7l4M87Hg=="],

    "@biomejs/cli-win32-x64": ["@biomejs/cli-win32-x64@1.9.4", "", { "os": "win32", "cpu": "x64" }, "sha512-8Y5wMhVIPaWe6jw2H+KlEm4wP/f7EW3810ZLmDlrEEy5KvBsb9ECEfu/kMWD484ijfQ8+nIi0giMgu9g1UAuuA=="],

    "@orpc/client": ["@orpc/client@1.14.3", "", { "dependencies": { "@orpc/shared": "1.14.3", "@orpc/standard-server": "1.14.3", "@orpc/standard-server-fetch": "1.14.3", "@orpc/standard-server-peer": "1.14.3" } }, "sha512-0HzeD/BgPctvFnd6ltjuQvx4/POXo0K01Tee/3whAm3ohXnlGqCfhzR2VMN8zBaGs1SYe6AFzjmGG928Ej3pAg=="],

    "@orpc/contract": ["@orpc/contract@1.14.3", "", { "dependencies": { "@orpc/client": "1.14.3", "@orpc/shared": "1.14.3", "@standard-schema/spec": "^1.1.0", "openapi-types": "^12.1.3" } }, "sha512-docXs4ALK3TADAnscEywjqvV1Dy+4+B6ihfo33hayvJdxZdpVmxjHOf7pcAYaJFJ6+LgKYoskaVVKad6LLxFlg=="],

    "@orpc/interop": ["@orpc/interop@1.14.3", "", {}, "sha512-B8ANHAGVI8Mjw7Co0p+qBlkFG84i38WTKjR01HMkMXd6g9bHbgaqOfHcMpJMFaZzqvxBnXH4zPra2w6J8sQmhQ=="],

    "@orpc/server": ["@orpc/server@1.14.3", "", { "dependencies": { "@orpc/client": "1.14.3", "@orpc/contract": "1.14.3", "@orpc/interop": "1.14.3", "@orpc/shared": "1.14.3", "@orpc/standard-server": "1.14.3", "@orpc/standard-server-aws-lambda": "1.14.3", "@orpc/standard-server-fastify": "1.14.3", "@orpc/standard-server-fetch": "1.14.3", "@orpc/standard-server-node": "1.14.3", "@orpc/standard-server-peer": "1.14.3", "cookie": "^1.1.1" }, "peerDependencies": { "crossws": ">=0.3.4", "ws": ">=8.18.1" }, "optionalPeers": ["crossws", "ws"] }, "sha512-VQG1sgruPhWdzT/ChltJ5Ju9v1A8F+s8EQ1MMSI33z0AthZ3IuuMZdqMIOo5YSuHROoFxzMJgCShOWYR9qXhQA=="],

    "@orpc/shared": ["@orpc/shared@1.14.3", "", { "dependencies": { "radash": "^12.1.1", "type-fest": "^5.4.4" }, "peerDependencies": { "@opentelemetry/api": ">=1.9.0" }, "optionalPeers": ["@opentelemetry/api"] }, "sha512-S7qmhZT4vchKEF6F6YduG5ub5lWnvQRVNq1/f5/kJkSnYMG5q6rWLcK7c3wYfDkeap05ZIiWTwksH+fv+yJOrw=="],

    "@orpc/standard-server": ["@orpc/standard-server@1.14.3", "", { "dependencies": { "@orpc/shared": "1.14.3" } }, "sha512-qO6xJy+S15Wx0elQeVojo3p5EgBLJDTEtElPcUF9o4ac8hrikYZJBeSg7qGgu/elCIrVbaFk/16Lu8P4qatPWg=="],

    "@orpc/standard-server-aws-lambda": ["@orpc/standard-server-aws-lambda@1.14.3", "", { "dependencies": { "@orpc/shared": "1.14.3", "@orpc/standard-server": "1.14.3", "@orpc/standard-server-fetch": "1.14.3", "@orpc/standard-server-node": "1.14.3" } }, "sha512-/JpBBpLVcKTrALyhOB2zi5FfQi+X0uKNVkaZzGKd0iNLGLMYAQvfuWzdQRqWfnJb30yAPNVIjia+HFQgjyZBDA=="],

    "@orpc/standard-server-fastify": ["@orpc/standard-server-fastify@1.14.3", "", { "dependencies": { "@orpc/shared": "1.14.3", "@orpc/standard-server": "1.14.3", "@orpc/standard-server-node": "1.14.3" }, "peerDependencies": { "fastify": ">=5.6.1" }, "optionalPeers": ["fastify"] }, "sha512-hDQCazvnlXR8+27qkm/uBwGd82l8UAz3LbBGmJyhDK96Cfuyx9QX5oECC21CeRZJylpbdvSuwwDlSpm6IQ0uRQ=="],

    "@orpc/standard-server-fetch": ["@orpc/standard-server-fetch@1.14.3", "", { "dependencies": { "@orpc/shared": "1.14.3", "@orpc/standard-server": "1.14.3" } }, "sha512-IHpBpyd+CTav7ycftKkQax6qrMGdpQfYKCuTLK+P3xsBl1A07UXvlpzPi/8MjyNGDCRAQkTaN7JIr/uqLL1B8A=="],

    "@orpc/standard-server-node": ["@orpc/standard-server-node@1.14.3", "", { "dependencies": { "@orpc/shared": "1.14.3", "@orpc/standard-server": "1.14.3", "@orpc/standard-server-fetch": "1.14.3" } }, "sha512-jDMfxmicxwJq+UT3X9Ls/ijR1Inwv07Dkz+YIFiZ2MKlp3sXVZlxhleLqH5nxlsrANmNMpIENqosSBnaCcbQjg=="],

    "@orpc/standard-server-peer": ["@orpc/standard-server-peer@1.14.3", "", { "dependencies": { "@orpc/shared": "1.14.3", "@orpc/standard-server": "1.14.3" } }, "sha512-Pk2Sccy+rnMYEDZnbO23NE6gP7ltk8pmlKABE4xlD1l87I/vENip94tiTG0QqmAmKCZ20Gec9vHtuLxtUqMOjQ=="],

    "@oven/bun-darwin-aarch64": ["@oven/bun-darwin-aarch64@1.3.14", "", { "os": "darwin", "cpu": "arm64" }, "sha512-Omj20SuiHBOUjUBIyqtkNjSUIjOtEOJwmbix/ZyFH4BaQ6OZTaaRWIR4TjHVz0yadHgli6lLTiAh1uarnvD49A=="],

    "@oven/bun-darwin-x64": ["@oven/bun-darwin-x64@1.3.14", "", { "os": "darwin", "cpu": "x64" }, "sha512-FFj3QdU/OhlDyZOJ8CWfN5eWLpRlT4qjZg7lMQi7jA6GuoY5ajlO1zWLP/MuHYRSbXQUvV52RejNi8DVnAp13w=="],

    "@oven/bun-darwin-x64-baseline": ["@oven/bun-darwin-x64-baseline@1.3.14", "", { "os": "darwin", "cpu": "x64" }, "sha512-OSfsTZstc898HHElhU4NccaBGOSSDn5VfahiVTnidZ9B/+wb7WTyfZJaBeJcfjwJ9H2W9uTh2TGtl3UfcXgV9g=="],

    "@oven/bun-freebsd-aarch64": ["@oven/bun-freebsd-aarch64@1.3.14", "", { "os": "freebsd", "cpu": "arm64" }, "sha512-LIKrXaFxAHybVO5Pf+9XP2FHUj/5APvXTUKk9dqHm5iFz4oH+W24cmhjkJirNujh9hKeTyrpWSe3no9JZKowIw=="],

    "@oven/bun-freebsd-x64": ["@oven/bun-freebsd-x64@1.3.14", "", { "os": "freebsd", "cpu": "x64" }, "sha512-uwD+fGUH1ADpIF3B1U2jWzzb20QwRLZfj5QZ28GUCGrAJ/nTmWrD6YYGsblCY1wuhldRez3lU40AyuvSCyLYmw=="],

    "@oven/bun-linux-aarch64": ["@oven/bun-linux-aarch64@1.3.14", "", { "os": "linux", "cpu": "arm64" }, "sha512-X5SsPZHs+iYO8R/efIcRtc7gT2Q2DgPfliCxEkx4cXBumwkw0c/EsHMNwH3EgGpCDaZ7IYVPhpCG/xBOQHEwZw=="],

    "@oven/bun-linux-aarch64-android": ["@oven/bun-linux-aarch64-android@1.3.14", "", { "os": "android", "cpu": "arm64" }, "sha512-y4kq5b85lsrmFb9Xvi4w9mA5IEFJkLMrSmYn06q24KjL9rUWDWO3VFZEtteZxUN5+ec3Zm5S8OnJw1umaCbVjA=="],

    "@oven/bun-linux-aarch64-musl": ["@oven/bun-linux-aarch64-musl@1.3.14", "", { "os": "linux", "cpu": "arm64" }, "sha512-jmqOA92Cd1NL/1XBd4bFkJLxQ86K0RW7ohxS2qzzAvuitO4JiIxjjTeCspoU44zCozH72HpfZfUE2On31OjnWA=="],

    "@oven/bun-linux-x64": ["@oven/bun-linux-x64@1.3.14", "", { "os": "linux", "cpu": "x64" }, "sha512-7OVTAKvwfPmSbIV1HpdOoVVx5VRc427GuPPne93N6vk4eQBPId9nXmZDh9/zGaKPdbVjVtQSZafWQoUjx38Utw=="],

    "@oven/bun-linux-x64-android": ["@oven/bun-linux-x64-android@1.3.14", "", { "os": "android", "cpu": "x64" }, "sha512-qe9e1d+3VAEU7nAA2ol9Jvmy/o99PVMSgZhHn7Q/9O3YcDrfEqyQ8zm4zoe5qTEo8HZH0dN03Le0Ys2eQPs7eg=="],

    "@oven/bun-linux-x64-baseline": ["@oven/bun-linux-x64-baseline@1.3.14", "", { "os": "linux", "cpu": "x64" }, "sha512-q/8EdOC0yUE8FPeoOVq8/Pw5I9/tJaYmUfO/uDUAREx8IUnOJH1RJ5A3BjFqre8pvJoiZA9AovPJq5FnNNjSxA=="],

    "@oven/bun-linux-x64-musl": ["@oven/bun-linux-x64-musl@1.3.14", "", { "os": "linux", "cpu": "x64" }, "sha512-GBCB/k/sIqcr06eTNgg7g46qiUv35Jasx4XiccJ/n7RGqrE4RWUD/XJBbWFprVPjvqd59+QtSnS99XGqvftHfg=="],

    "@oven/bun-linux-x64-musl-baseline": ["@oven/bun-linux-x64-musl-baseline@1.3.14", "", { "os": "linux", "cpu": "x64" }, "sha512-n6iE71G4lQE4XkrZhQQcL5YUlxDbnq6nqV7zeQi33PMsLT/0kYE+RvHOtBWZ3w0wMdXZfINmp63hIb9ijUBGtw=="],

    "@oven/bun-windows-aarch64": ["@oven/bun-windows-aarch64@1.3.14", "", { "os": "win32", "cpu": "arm64" }, "sha512-T7s3x/BsVKQObGU6QDkZeI6wKynzqGbBH1yI77jrrj5siElclxr3DQrDIk8CV4G5/SJq2HHq4kpLyYY2DKCSmA=="],

    "@oven/bun-windows-x64": ["@oven/bun-windows-x64@1.3.14", "", { "os": "win32", "cpu": "x64" }, "sha512-mUFWL3BoYkNpjd8e9PqROiFF/1Xeotq20mABJsiQH62jM1g5zqWh4khw1RZ6bX8Q8fWvlPaxG1PjofkmjUi3vg=="],

    "@oven/bun-windows-x64-baseline": ["@oven/bun-windows-x64-baseline@1.3.14", "", { "os": "win32", "cpu": "x64" }, "sha512-uIjLUC1S9DWgICzuoMba7vurBJnBruE4S5CxnvmZkdqWVXRzx1Rgu636HoH+k0qeaQCFh3jeG3JQ1y6fRHv0sw=="],

    "@standard-schema/spec": ["@standard-schema/spec@1.1.0", "", {}, "sha512-l2aFy5jALhniG5HgqrD6jXLi/rUWrKvqN/qJx6yoJsgKhblVd+iqqU4RCXavm/jPityDo5TCvKMnpjKnOriy0w=="],

    "@tanstack/query-core": ["@tanstack/query-core@5.100.14", "", {}, "sha512-5X41dGpxgeaHISCRW2oYwcSycZeULZzAunaudXT9ov1KOTj9xwt0CH6hbwqP1/z74ZWF7rYFnDpyYH07XFcZew=="],

    "@tanstack/react-query": ["@tanstack/react-query@5.100.14", "", { "dependencies": { "@tanstack/query-core": "5.100.14" }, "peerDependencies": { "react": "^18 || ^19" } }, "sha512-oOr6aRdSFEwWhzxEkD/9ZcItM3+LjBSkeVmadWKwUssAHTsqd/7bOjWrX4AbvEkoEhgAxzN0Xk6H/aYzXiYBAw=="],

    "@types/d3-color": ["@types/d3-color@3.1.3", "", {}, "sha512-iO90scth9WAbmgv7ogoq57O9YpKmFBbmoEoCHDB2xMBY0+/KVrqAaCDyCE16dUspeOvIxFFRI+0sEtqDqy2b4A=="],

    "@types/d3-drag": ["@types/d3-drag@3.0.7", "", { "dependencies": { "@types/d3-selection": "*" } }, "sha512-HE3jVKlzU9AaMazNufooRJ5ZpWmLIoc90A37WU2JMmeq28w1FQqCZswHZ3xR+SuxYftzHq6WU6KJHvqxKzTxxQ=="],

    "@types/d3-interpolate": ["@types/d3-interpolate@3.0.4", "", { "dependencies": { "@types/d3-color": "*" } }, "sha512-mgLPETlrpVV1YRJIglr4Ez47g7Yxjl1lj7YKsiMCb27VJH9W8NVM6Bb9d8kkpG/uAQS5AmbA48q2IAolKKo1MA=="],

    "@types/d3-selection": ["@types/d3-selection@3.0.11", "", {}, "sha512-bhAXu23DJWsrI45xafYpkQ4NtcKMwWnAC/vKrd2l+nxMFuvOT3XMYTIj2opv8vq8AO5Yh7Qac/nSeP/3zjTK0w=="],

    "@types/d3-transition": ["@types/d3-transition@3.0.9", "", { "dependencies": { "@types/d3-selection": "*" } }, "sha512-uZS5shfxzO3rGlu0cC3bjmMFKsXv+SmZZcgp0KD22ts4uGXp5EVYGzu/0YdwZeKmddhcAccYtREJKkPfXkZuCg=="],

    "@types/d3-zoom": ["@types/d3-zoom@3.0.8", "", { "dependencies": { "@types/d3-interpolate": "*", "@types/d3-selection": "*" } }, "sha512-iqMC4/YlFCSlO8+2Ii1GGGliCAY4XdeG748w5vQUbevlbDu0zSjH/+jojorQVBK/se0j6DUFNPBGSqD3YWYnDw=="],

    "@types/node": ["@types/node@25.9.1", "", { "dependencies": { "undici-types": ">=7.24.0 <7.24.7" } }, "sha512-xfrlY7UD5rMJk3ZVJP8BNzS28J36YJg+xp+LPXV1TdWxr8uMH5A860QNxYDGQe/ylDSgjxE52Q9VnO7p75tJxg=="],

    "@types/react": ["@types/react@19.2.15", "", { "dependencies": { "csstype": "^3.2.2" } }, "sha512-eRwcGNHve+E8qtEQSSRl6urh+rFop4v8gm6O8rGv25CodbvFdLjA1vVQ1KkiFE0w0UPOnb8tDiFKL5lp0rtY5Q=="],

    "@types/react-dom": ["@types/react-dom@19.2.3", "", { "peerDependencies": { "@types/react": "^19.2.0" } }, "sha512-jp2L/eY6fn+KgVVQAOqYItbF0VY/YApe5Mz2F0aykSO8gx31bYCZyvSeYxCHKvzHG5eZjc+zyaS5BrBWya2+kQ=="],

    "@xyflow/react": ["@xyflow/react@12.10.2", "", { "dependencies": { "@xyflow/system": "0.0.76", "classcat": "^5.0.3", "zustand": "^4.4.0" }, "peerDependencies": { "react": ">=17", "react-dom": ">=17" } }, "sha512-CgIi6HwlcHXwlkTpr0fxLv/0sRVNZ8IdwKLzzeCscaYBwpvfcH1QFOCeaTCuEn1FQEs/B8CjnTSjhs8udgmBgQ=="],

    "@xyflow/system": ["@xyflow/system@0.0.76", "", { "dependencies": { "@types/d3-drag": "^3.0.7", "@types/d3-interpolate": "^3.0.4", "@types/d3-selection": "^3.0.10", "@types/d3-transition": "^3.0.8", "@types/d3-zoom": "^3.0.8", "d3-drag": "^3.0.0", "d3-interpolate": "^3.0.1", "d3-selection": "^3.0.0", "d3-zoom": "^3.0.0" } }, "sha512-hvwvnRS1B3REwVDlWexsq7YQaPZeG3/mKo1jv38UmnpWmxihp14bW6VtEOuHEwJX2FvzFw8k77LyKSk/wiZVNA=="],

    "bun": ["bun@1.3.14", "", { "optionalDependencies": { "@oven/bun-darwin-aarch64": "1.3.14", "@oven/bun-darwin-x64": "1.3.14", "@oven/bun-darwin-x64-baseline": "1.3.14", "@oven/bun-freebsd-aarch64": "1.3.14", "@oven/bun-freebsd-x64": "1.3.14", "@oven/bun-linux-aarch64": "1.3.14", "@oven/bun-linux-aarch64-android": "1.3.14", "@oven/bun-linux-aarch64-musl": "1.3.14", "@oven/bun-linux-x64": "1.3.14", "@oven/bun-linux-x64-android": "1.3.14", "@oven/bun-linux-x64-baseline": "1.3.14", "@oven/bun-linux-x64-musl": "1.3.14", "@oven/bun-linux-x64-musl-baseline": "1.3.14", "@oven/bun-windows-aarch64": "1.3.14", "@oven/bun-windows-x64": "1.3.14", "@oven/bun-windows-x64-baseline": "1.3.14" }, "os": [ "!aix", "!sunos", "!openbsd", ], "cpu": [ "x64", "arm64", ], "bin": { "bun": "bin/bun.exe", "bunx": "bin/bunx.exe" } }, "sha512-aB6GVd42x1Y5ie1K16SF+oLGtgSkwX9hgoDdIW88pjvfTccU8F1vfpoOt34QLv0dZ1v3XimtaxPlZUG81Gx9Zg=="],

    "bun-plugin-tailwind": ["bun-plugin-tailwind@0.1.2", "", { "peerDependencies": { "bun": ">=1.0.0" } }, "sha512-41jNC1tZRSK3s1o7pTNrLuQG8kL/0vR/JgiTmZAJ1eHwe0w5j6HFPKeqEk0WAD13jfrUC7+ULuewFBBCoADPpg=="],

    "bun-types": ["bun-types@1.3.14", "", { "dependencies": { "@types/node": "*" } }, "sha512-4N0ig0fEomHt5R0KCFWjovxow98rIoRwKolrYdCcknNwMekCXRnWEUvgu5soYV8QXtVsrUD8B95MBOZGPvr6KQ=="],

    "classcat": ["classcat@5.0.5", "", {}, "sha512-JhZUT7JFcQy/EzW605k/ktHtncoo9vnyW/2GspNYwFlN1C/WmjuV/xtS04e9SOkL2sTdw0VAZ2UGCcQ9lR6p6w=="],

    "cookie": ["cookie@1.1.1", "", {}, "sha512-ei8Aos7ja0weRpFzJnEA9UHJ/7XQmqglbRwnf2ATjcB9Wq874VKH9kfjjirM6UhU2/E5fFYadylyhFldcqSidQ=="],

    "csstype": ["csstype@3.2.3", "", {}, "sha512-z1HGKcYy2xA8AGQfwrn0PAy+PB7X/GSj3UVJW9qKyn43xWa+gl5nXmU4qqLMRzWVLFC8KusUX8T/0kCiOYpAIQ=="],

    "d3-color": ["d3-color@3.1.0", "", {}, "sha512-zg/chbXyeBtMQ1LbD/WSoW2DpC3I0mpmPdW+ynRTj/x2DAWYrIY7qeZIHidozwV24m4iavr15lNwIwLxRmOxhA=="],

    "d3-dispatch": ["d3-dispatch@3.0.1", "", {}, "sha512-rzUyPU/S7rwUflMyLc1ETDeBj0NRuHKKAcvukozwhshr6g6c5d8zh4c2gQjY2bZ0dXeGLWc1PF174P2tVvKhfg=="],

    "d3-drag": ["d3-drag@3.0.0", "", { "dependencies": { "d3-dispatch": "1 - 3", "d3-selection": "3" } }, "sha512-pWbUJLdETVA8lQNJecMxoXfH6x+mO2UQo8rSmZ+QqxcbyA3hfeprFgIT//HW2nlHChWeIIMwS2Fq+gEARkhTkg=="],

    "d3-ease": ["d3-ease@3.0.1", "", {}, "sha512-wR/XK3D3XcLIZwpbvQwQ5fK+8Ykds1ip7A2Txe0yxncXSdq1L9skcG7blcedkOX+ZcgxGAmLX1FrRGbADwzi0w=="],

    "d3-interpolate": ["d3-interpolate@3.0.1", "", { "dependencies": { "d3-color": "1 - 3" } }, "sha512-3bYs1rOD33uo8aqJfKP3JWPAibgw8Zm2+L9vBKEHJ2Rg+viTR7o5Mmv5mZcieN+FRYaAOWX5SJATX6k1PWz72g=="],

    "d3-selection": ["d3-selection@3.0.0", "", {}, "sha512-fmTRWbNMmsmWq6xJV8D19U/gw/bwrHfNXxrIN+HfZgnzqTHp9jOmKMhsTUjXOJnZOdZY9Q28y4yebKzqDKlxlQ=="],

    "d3-timer": ["d3-timer@3.0.1", "", {}, "sha512-ndfJ/JxxMd3nw31uyKoY2naivF+r29V+Lc0svZxe1JvvIRmi8hUsrMvdOwgS1o6uBHmiz91geQ0ylPP0aj1VUA=="],

    "d3-transition": ["d3-transition@3.0.1", "", { "dependencies": { "d3-color": "1 - 3", "d3-dispatch": "1 - 3", "d3-ease": "1 - 3", "d3-interpolate": "1 - 3", "d3-timer": "1 - 3" }, "peerDependencies": { "d3-selection": "2 - 3" } }, "sha512-ApKvfjsSR6tg06xrL434C0WydLr7JewBB3V+/39RMHsaXTOG0zmt/OAXeng5M5LBm0ojmxJrpomQVZ1aPvBL4w=="],

    "d3-zoom": ["d3-zoom@3.0.0", "", { "dependencies": { "d3-dispatch": "1 - 3", "d3-drag": "2 - 3", "d3-interpolate": "1 - 3", "d3-selection": "2 - 3", "d3-transition": "2 - 3" } }, "sha512-b8AmV3kfQaqWAuacbPuNbL6vahnOJflOhexLzMMNLga62+/nh0JzvJ0aO/5a5MVgUFGS7Hu1P9P03o3fJkDCyw=="],

    "drizzle-orm": ["drizzle-orm@0.45.2", "", { "peerDependencies": { "@aws-sdk/client-rds-data": ">=3", "@cloudflare/workers-types": ">=4", "@electric-sql/pglite": ">=0.2.0", "@libsql/client": ">=0.10.0", "@libsql/client-wasm": ">=0.10.0", "@neondatabase/serverless": ">=0.10.0", "@op-engineering/op-sqlite": ">=2", "@opentelemetry/api": "^1.4.1", "@planetscale/database": ">=1.13", "@prisma/client": "*", "@tidbcloud/serverless": "*", "@types/better-sqlite3": "*", "@types/pg": "*", "@types/sql.js": "*", "@upstash/redis": ">=1.34.7", "@vercel/postgres": ">=0.8.0", "@xata.io/client": "*", "better-sqlite3": ">=7", "bun-types": "*", "expo-sqlite": ">=14.0.0", "gel": ">=2", "knex": "*", "kysely": "*", "mysql2": ">=2", "pg": ">=8", "postgres": ">=3", "sql.js": ">=1", "sqlite3": ">=5" }, "optionalPeers": ["@aws-sdk/client-rds-data", "@cloudflare/workers-types", "@electric-sql/pglite", "@libsql/client", "@libsql/client-wasm", "@neondatabase/serverless", "@op-engineering/op-sqlite", "@opentelemetry/api", "@planetscale/database", "@prisma/client", "@tidbcloud/serverless", "@types/better-sqlite3", "@types/pg", "@types/sql.js", "@upstash/redis", "@vercel/postgres", "@xata.io/client", "better-sqlite3", "bun-types", "expo-sqlite", "gel", "knex", "kysely", "mysql2", "pg", "postgres", "sql.js", "sqlite3"] }, "sha512-kY0BSaTNYWnoDMVoyY8uxmyHjpJW1geOmBMdSSicKo9CIIWkSxMIj2rkeSR51b8KAPB7m+qysjuHme5nKP+E5Q=="],

    "elkjs": ["elkjs@0.11.1", "", {}, "sha512-zxxR9k+rx5ktMwT/FwyLdPCrq7xN6e4VGGHH8hA01vVYKjTFik7nHOxBnAYtrgYUB1RpAiLvA1/U2YraWxyKKg=="],

    "openapi-types": ["openapi-types@12.1.3", "", {}, "sha512-N4YtSYJqghVu4iek2ZUvcN/0aqH1kRDuNqzcycDxhOUpg7GdvLa2F3DgS6yBNhInhv2r/6I0Flkn7CqL8+nIcw=="],

    "radash": ["radash@12.1.1", "", {}, "sha512-h36JMxKRqrAxVD8201FrCpyeNuUY9Y5zZwujr20fFO77tpUtGa6EZzfKw/3WaiBX95fq7+MpsuMLNdSnORAwSA=="],

    "react": ["react@19.2.6", "", {}, "sha512-sfWGGfavi0xr8Pg0sVsyHMAOziVYKgPLNrS7ig+ivMNb3wbCBw3KxtflsGBAwD3gYQlE/AEZsTLgToRrSCjb0Q=="],

    "react-dom": ["react-dom@19.2.6", "", { "dependencies": { "scheduler": "^0.27.0" }, "peerDependencies": { "react": "^19.2.6" } }, "sha512-0prMI+hvBbPjsWnxDLxlCGyM8PN6UuWjEUCYmZhO67xIV9Xasa/r/vDnq+Xyq4Lo27g8QSbO5YzARu0D1Sps3g=="],

    "scheduler": ["scheduler@0.27.0", "", {}, "sha512-eNv+WrVbKu1f3vbYJT/xtiF5syA5HPIMtf9IgY/nKg0sWqzAUEvqY/xm7OcZc/qafLx/iO9FgOmeSAp4v5ti/Q=="],

    "tagged-tag": ["tagged-tag@1.0.0", "", {}, "sha512-yEFYrVhod+hdNyx7g5Bnkkb0G6si8HJurOoOEgC8B/O0uXLHlaey/65KRv6cuWBNhBgHKAROVpc7QyYqE5gFng=="],

    "tailwindcss": ["tailwindcss@4.3.0", "", {}, "sha512-y6nxMGB1nMW9R6k96e5gdIFzcfL/gTJRNaqGes1YvkLnPVXzWgbqFF2yLC0T8G774n24cx3Pe8XrKoniCOAH+Q=="],

    "type-fest": ["type-fest@5.6.0", "", { "dependencies": { "tagged-tag": "^1.0.0" } }, "sha512-8ZiHFm91orbSAe2PSAiSVBVko18pbhbiB3U9GglSzF/zCGkR+rxpHx6sEMCUm4kxY4LjDIUGgCfUMtwfZfjfUA=="],

    "typescript": ["typescript@5.9.3", "", { "bin": { "tsc": "bin/tsc", "tsserver": "bin/tsserver" } }, "sha512-jl1vZzPDinLr9eUt3J/t7V6FgNEw9QjvBPdysz9KfQDD41fQrC2Y4vKQdiaUpFT4bXlb1RHhLpp8wtm6M5TgSw=="],

    "undici-types": ["undici-types@7.24.6", "", {}, "sha512-WRNW+sJgj5OBN4/0JpHFqtqzhpbnV0GuB+OozA9gCL7a993SmU+1JBZCzLNxYsbMfIeDL+lTsphD5jN5N+n0zg=="],

    "use-sync-external-store": ["use-sync-external-store@1.6.0", "", { "peerDependencies": { "react": "^16.8.0 || ^17.0.0 || ^18.0.0 || ^19.0.0" } }, "sha512-Pp6GSwGP/NrPIrxVFAIkOQeyw8lFenOHijQWkUTrDvrF4ALqylP2C/KCkeS9dpUM3KvYRQhna5vt7IL95+ZQ9w=="],

    "zod": ["zod@3.25.76", "", {}, "sha512-gzUt/qt81nXsFGKIFcC3YnfEAx5NkunCfnDlvuBSSFS02bcXu4Lmea0AFIUwbLWxWPx3d9p8S5QoaujKcNQxcQ=="],

    "zustand": ["zustand@4.5.7", "", { "dependencies": { "use-sync-external-store": "^1.2.2" }, "peerDependencies": { "@types/react": ">=16.8", "immer": ">=9.0.6", "react": ">=16.8" }, "optionalPeers": ["@types/react", "immer", "react"] }, "sha512-CHOUy7mu3lbD6o6LJLfllpjkzhHXSBlX8B9+qPddUsIfeF5S/UZ5q0kmCsnRqT1UHFQZchNFDDzMbQsuesHWlw=="],
  }
}
